// !$*UTF8*$!
{
	archiveVersion = 1;
	classes = {
	};
	objectVersion = 46;
	objects = {

/* Begin PBXBuildFile section */
		1C175FD0AAA72998ABA6468E /* Pods_ApexTests.framework in Frameworks */ = {isa = PBXBuildFile; fileRef = 47D6DCCCA0CFDA3ADCA7958B /* Pods_ApexTests.framework */; };
		4A0BD2E21D368CD600D2CC9F /* GoogleService-Info.plist in Resources */ = {isa = PBXBuildFile; fileRef = 4A0BD2E11D368CD600D2CC9F /* GoogleService-Info.plist */; };
		4A1AED441CEEB82300C46661 /* AppDelegate.swift in Sources */ = {isa = PBXBuildFile; fileRef = 4A1AED431CEEB82300C46661 /* AppDelegate.swift */; };
		4A1AED461CEEB82300C46661 /* FirstViewController.swift in Sources */ = {isa = PBXBuildFile; fileRef = 4A1AED451CEEB82300C46661 /* FirstViewController.swift */; };
		4A1AED481CEEB82300C46661 /* SecondViewController.swift in Sources */ = {isa = PBXBuildFile; fileRef = 4A1AED471CEEB82300C46661 /* SecondViewController.swift */; };
		4A1AED4B1CEEB82300C46661 /* Main.storyboard in Resources */ = {isa = PBXBuildFile; fileRef = 4A1AED491CEEB82300C46661 /* Main.storyboard */; };
		4A1AED4D1CEEB82300C46661 /* Assets.xcassets in Resources */ = {isa = PBXBuildFile; fileRef = 4A1AED4C1CEEB82300C46661 /* Assets.xcassets */; };
		4A1AED501CEEB82300C46661 /* LaunchScreen.storyboard in Resources */ = {isa = PBXBuildFile; fileRef = 4A1AED4E1CEEB82300C46661 /* LaunchScreen.storyboard */; };
		4A1AED5B1CEEB82300C46661 /* ApexTests.swift in Sources */ = {isa = PBXBuildFile; fileRef = 4A1AED5A1CEEB82300C46661 /* ApexTests.swift */; };
		4A1AED661CEEB82300C46661 /* ApexUITests.swift in Sources */ = {isa = PBXBuildFile; fileRef = 4A1AED651CEEB82300C46661 /* ApexUITests.swift */; };
		4A1AED781CEEC41F00C46661 /* bg.png in Resources */ = {isa = PBXBuildFile; fileRef = 4A1AED771CEEC41F00C46661 /* bg.png */; };
		4A2D7EBA1D3839090085F32B /* LoginViewController.swift in Sources */ = {isa = PBXBuildFile; fileRef = 4A2D7EB91D3839090085F32B /* LoginViewController.swift */; };
		4A3755441CF23BE700E61AAB /* apexDartmouthLocationData.txt in Resources */ = {isa = PBXBuildFile; fileRef = 4A3755431CF23BE700E61AAB /* apexDartmouthLocationData.txt */; };
		4A5368A21D3AFB3B00843A55 /* blue-arrow.png in Resources */ = {isa = PBXBuildFile; fileRef = 4A5368A11D3AFB3B00843A55 /* blue-arrow.png */; };
		4A712F7B1CEEDEBD00840C0B /* locationItem.swift in Sources */ = {isa = PBXBuildFile; fileRef = 4A712F7A1CEEDEBD00840C0B /* locationItem.swift */; };
		4A712F7D1CEEF5C400840C0B /* globe.png in Resources */ = {isa = PBXBuildFile; fileRef = 4A712F7C1CEEF5C400840C0B /* globe.png */; };
		4AB926511CF0ED9C0066623F /* LocationViewController.swift in Sources */ = {isa = PBXBuildFile; fileRef = 4AB926501CF0ED9C0066623F /* LocationViewController.swift */; };
		A42F74ED7D8DF9ECEF767185 /* Pods_Apex.framework in Frameworks */ = {isa = PBXBuildFile; fileRef = EF7CED5EF2F0C9C191808DC0 /* Pods_Apex.framework */; };
		EAD35EA36DC45EA318655AEB /* Pods_ApexUITests.framework in Frameworks */ = {isa = PBXBuildFile; fileRef = B7FDC7474E35289DEB1C8C07 /* Pods_ApexUITests.framework */; };
/* End PBXBuildFile section */

/* Begin PBXContainerItemProxy section */
		4A1AED571CEEB82300C46661 /* PBXContainerItemProxy */ = {
			isa = PBXContainerItemProxy;
			containerPortal = 4A1AED381CEEB82300C46661 /* Project object */;
			proxyType = 1;
			remoteGlobalIDString = 4A1AED3F1CEEB82300C46661;
			remoteInfo = Apex;
		};
		4A1AED621CEEB82300C46661 /* PBXContainerItemProxy */ = {
			isa = PBXContainerItemProxy;
			containerPortal = 4A1AED381CEEB82300C46661 /* Project object */;
			proxyType = 1;
			remoteGlobalIDString = 4A1AED3F1CEEB82300C46661;
			remoteInfo = Apex;
		};
/* End PBXContainerItemProxy section */

/* Begin PBXFileReference section */
		108DBA36EC62777816585763 /* Pods-ApexTests.release.xcconfig */ = {isa = PBXFileReference; includeInIndex = 1; lastKnownFileType = text.xcconfig; name = "Pods-ApexTests.release.xcconfig"; path = "Pods/Target Support Files/Pods-ApexTests/Pods-ApexTests.release.xcconfig"; sourceTree = "<group>"; };
		47D6DCCCA0CFDA3ADCA7958B /* Pods_ApexTests.framework */ = {isa = PBXFileReference; explicitFileType = wrapper.framework; includeInIndex = 0; path = Pods_ApexTests.framework; sourceTree = BUILT_PRODUCTS_DIR; };
		483EC0F9877457DAF5D580A0 /* Pods-ApexTests.debug.xcconfig */ = {isa = PBXFileReference; includeInIndex = 1; lastKnownFileType = text.xcconfig; name = "Pods-ApexTests.debug.xcconfig"; path = "Pods/Target Support Files/Pods-ApexTests/Pods-ApexTests.debug.xcconfig"; sourceTree = "<group>"; };
		4A0BD2E11D368CD600D2CC9F /* GoogleService-Info.plist */ = {isa = PBXFileReference; fileEncoding = 4; lastKnownFileType = text.plist.xml; path = "GoogleService-Info.plist"; sourceTree = "<group>"; };
		4A1AED401CEEB82300C46661 /* Apex.app */ = {isa = PBXFileReference; explicitFileType = wrapper.application; includeInIndex = 0; path = Apex.app; sourceTree = BUILT_PRODUCTS_DIR; };
		4A1AED431CEEB82300C46661 /* AppDelegate.swift */ = {isa = PBXFileReference; lastKnownFileType = sourcecode.swift; path = AppDelegate.swift; sourceTree = "<group>"; };
		4A1AED451CEEB82300C46661 /* FirstViewController.swift */ = {isa = PBXFileReference; lastKnownFileType = sourcecode.swift; path = FirstViewController.swift; sourceTree = "<group>"; };
		4A1AED471CEEB82300C46661 /* SecondViewController.swift */ = {isa = PBXFileReference; lastKnownFileType = sourcecode.swift; path = SecondViewController.swift; sourceTree = "<group>"; };
		4A1AED4A1CEEB82300C46661 /* Base */ = {isa = PBXFileReference; lastKnownFileType = file.storyboard; name = Base; path = Base.lproj/Main.storyboard; sourceTree = "<group>"; };
		4A1AED4C1CEEB82300C46661 /* Assets.xcassets */ = {isa = PBXFileReference; lastKnownFileType = folder.assetcatalog; path = Assets.xcassets; sourceTree = "<group>"; };
		4A1AED4F1CEEB82300C46661 /* Base */ = {isa = PBXFileReference; lastKnownFileType = file.storyboard; name = Base; path = Base.lproj/LaunchScreen.storyboard; sourceTree = "<group>"; };
		4A1AED511CEEB82300C46661 /* Info.plist */ = {isa = PBXFileReference; lastKnownFileType = text.plist.xml; path = Info.plist; sourceTree = "<group>"; };
		4A1AED561CEEB82300C46661 /* ApexTests.xctest */ = {isa = PBXFileReference; explicitFileType = wrapper.cfbundle; includeInIndex = 0; path = ApexTests.xctest; sourceTree = BUILT_PRODUCTS_DIR; };
		4A1AED5A1CEEB82300C46661 /* ApexTests.swift */ = {isa = PBXFileReference; lastKnownFileType = sourcecode.swift; path = ApexTests.swift; sourceTree = "<group>"; };
		4A1AED5C1CEEB82300C46661 /* Info.plist */ = {isa = PBXFileReference; lastKnownFileType = text.plist.xml; path = Info.plist; sourceTree = "<group>"; };
		4A1AED611CEEB82300C46661 /* ApexUITests.xctest */ = {isa = PBXFileReference; explicitFileType = wrapper.cfbundle; includeInIndex = 0; path = ApexUITests.xctest; sourceTree = BUILT_PRODUCTS_DIR; };
		4A1AED651CEEB82300C46661 /* ApexUITests.swift */ = {isa = PBXFileReference; lastKnownFileType = sourcecode.swift; path = ApexUITests.swift; sourceTree = "<group>"; };
		4A1AED671CEEB82300C46661 /* Info.plist */ = {isa = PBXFileReference; lastKnownFileType = text.plist.xml; path = Info.plist; sourceTree = "<group>"; };
		4A1AED771CEEC41F00C46661 /* bg.png */ = {isa = PBXFileReference; lastKnownFileType = image.png; path = bg.png; sourceTree = "<group>"; };
		4A2D7EB91D3839090085F32B /* LoginViewController.swift */ = {isa = PBXFileReference; fileEncoding = 4; lastKnownFileType = sourcecode.swift; path = LoginViewController.swift; sourceTree = "<group>"; };
		4A3755431CF23BE700E61AAB /* apexDartmouthLocationData.txt */ = {isa = PBXFileReference; fileEncoding = 4; lastKnownFileType = text; path = apexDartmouthLocationData.txt; sourceTree = "<group>"; };
		4A5368A11D3AFB3B00843A55 /* blue-arrow.png */ = {isa = PBXFileReference; lastKnownFileType = image.png; path = "blue-arrow.png"; sourceTree = "<group>"; };
		4A712F7A1CEEDEBD00840C0B /* locationItem.swift */ = {isa = PBXFileReference; fileEncoding = 4; lastKnownFileType = sourcecode.swift; path = locationItem.swift; sourceTree = "<group>"; };
		4A712F7C1CEEF5C400840C0B /* globe.png */ = {isa = PBXFileReference; lastKnownFileType = image.png; path = globe.png; sourceTree = "<group>"; };
		4AB926501CF0ED9C0066623F /* LocationViewController.swift */ = {isa = PBXFileReference; fileEncoding = 4; lastKnownFileType = sourcecode.swift; path = LocationViewController.swift; sourceTree = "<group>"; };
		50D42DC9C3240738CE516BCE /* Pods-Apex.release.xcconfig */ = {isa = PBXFileReference; includeInIndex = 1; lastKnownFileType = text.xcconfig; name = "Pods-Apex.release.xcconfig"; path = "Pods/Target Support Files/Pods-Apex/Pods-Apex.release.xcconfig"; sourceTree = "<group>"; };
		9DC2DC48A8E2BFA0F4F6A2C7 /* Pods-Apex.debug.xcconfig */ = {isa = PBXFileReference; includeInIndex = 1; lastKnownFileType = text.xcconfig; name = "Pods-Apex.debug.xcconfig"; path = "Pods/Target Support Files/Pods-Apex/Pods-Apex.debug.xcconfig"; sourceTree = "<group>"; };
		A13BADC3907B14C47C26BA9A /* Pods-ApexUITests.debug.xcconfig */ = {isa = PBXFileReference; includeInIndex = 1; lastKnownFileType = text.xcconfig; name = "Pods-ApexUITests.debug.xcconfig"; path = "Pods/Target Support Files/Pods-ApexUITests/Pods-ApexUITests.debug.xcconfig"; sourceTree = "<group>"; };
		B7FDC7474E35289DEB1C8C07 /* Pods_ApexUITests.framework */ = {isa = PBXFileReference; explicitFileType = wrapper.framework; includeInIndex = 0; path = Pods_ApexUITests.framework; sourceTree = BUILT_PRODUCTS_DIR; };
		D9FBE57311049D48D7CD8FFB /* Pods-ApexUITests.release.xcconfig */ = {isa = PBXFileReference; includeInIndex = 1; lastKnownFileType = text.xcconfig; name = "Pods-ApexUITests.release.xcconfig"; path = "Pods/Target Support Files/Pods-ApexUITests/Pods-ApexUITests.release.xcconfig"; sourceTree = "<group>"; };
		EF7CED5EF2F0C9C191808DC0 /* Pods_Apex.framework */ = {isa = PBXFileReference; explicitFileType = wrapper.framework; includeInIndex = 0; path = Pods_Apex.framework; sourceTree = BUILT_PRODUCTS_DIR; };
/* End PBXFileReference section */

/* Begin PBXFrameworksBuildPhase section */
		4A1AED3D1CEEB82300C46661 /* Frameworks */ = {
			isa = PBXFrameworksBuildPhase;
			buildActionMask = 2147483647;
			files = (
				A42F74ED7D8DF9ECEF767185 /* Pods_Apex.framework in Frameworks */,
			);
			runOnlyForDeploymentPostprocessing = 0;
		};
		4A1AED531CEEB82300C46661 /* Frameworks */ = {
			isa = PBXFrameworksBuildPhase;
			buildActionMask = 2147483647;
			files = (
				1C175FD0AAA72998ABA6468E /* Pods_ApexTests.framework in Frameworks */,
			);
			runOnlyForDeploymentPostprocessing = 0;
		};
		4A1AED5E1CEEB82300C46661 /* Frameworks */ = {
			isa = PBXFrameworksBuildPhase;
			buildActionMask = 2147483647;
			files = (
				EAD35EA36DC45EA318655AEB /* Pods_ApexUITests.framework in Frameworks */,
			);
			runOnlyForDeploymentPostprocessing = 0;
		};
/* End PBXFrameworksBuildPhase section */

/* Begin PBXGroup section */
		2B9BAD69338830F43E28DBE2 /* Frameworks */ = {
			isa = PBXGroup;
			children = (
				EF7CED5EF2F0C9C191808DC0 /* Pods_Apex.framework */,
				47D6DCCCA0CFDA3ADCA7958B /* Pods_ApexTests.framework */,
				B7FDC7474E35289DEB1C8C07 /* Pods_ApexUITests.framework */,
			);
			name = Frameworks;
			sourceTree = "<group>";
		};
		4A1AED371CEEB82300C46661 = {
			isa = PBXGroup;
			children = (
				4A1AED421CEEB82300C46661 /* Apex */,
				4A1AED591CEEB82300C46661 /* ApexTests */,
				4A1AED641CEEB82300C46661 /* ApexUITests */,
				4A1AED411CEEB82300C46661 /* Products */,
				BD9AFE3254439854C4C39502 /* Pods */,
				2B9BAD69338830F43E28DBE2 /* Frameworks */,
			);
			sourceTree = "<group>";
		};
		4A1AED411CEEB82300C46661 /* Products */ = {
			isa = PBXGroup;
			children = (
				4A1AED401CEEB82300C46661 /* Apex.app */,
				4A1AED561CEEB82300C46661 /* ApexTests.xctest */,
				4A1AED611CEEB82300C46661 /* ApexUITests.xctest */,
			);
			name = Products;
			sourceTree = "<group>";
		};
		4A1AED421CEEB82300C46661 /* Apex */ = {
			isa = PBXGroup;
			children = (
				4A0BD2E11D368CD600D2CC9F /* GoogleService-Info.plist */,
				4A3755431CF23BE700E61AAB /* apexDartmouthLocationData.txt */,
				4A712F7C1CEEF5C400840C0B /* globe.png */,
				4A1AED771CEEC41F00C46661 /* bg.png */,
				4A1AED431CEEB82300C46661 /* AppDelegate.swift */,
				4A1AED451CEEB82300C46661 /* FirstViewController.swift */,
				4A1AED471CEEB82300C46661 /* SecondViewController.swift */,
				4A5368A11D3AFB3B00843A55 /* blue-arrow.png */,
				4A1AED491CEEB82300C46661 /* Main.storyboard */,
				4A1AED4C1CEEB82300C46661 /* Assets.xcassets */,
				4A1AED4E1CEEB82300C46661 /* LaunchScreen.storyboard */,
				4A1AED511CEEB82300C46661 /* Info.plist */,
				4A712F7A1CEEDEBD00840C0B /* locationItem.swift */,
				4AB926501CF0ED9C0066623F /* LocationViewController.swift */,
				4A2D7EB91D3839090085F32B /* LoginViewController.swift */,
			);
			path = Apex;
			sourceTree = "<group>";
		};
		4A1AED591CEEB82300C46661 /* ApexTests */ = {
			isa = PBXGroup;
			children = (
				4A1AED5A1CEEB82300C46661 /* ApexTests.swift */,
				4A1AED5C1CEEB82300C46661 /* Info.plist */,
			);
			path = ApexTests;
			sourceTree = "<group>";
		};
		4A1AED641CEEB82300C46661 /* ApexUITests */ = {
			isa = PBXGroup;
			children = (
				4A1AED651CEEB82300C46661 /* ApexUITests.swift */,
				4A1AED671CEEB82300C46661 /* Info.plist */,
			);
			path = ApexUITests;
			sourceTree = "<group>";
		};
		BD9AFE3254439854C4C39502 /* Pods */ = {
			isa = PBXGroup;
			children = (
				9DC2DC48A8E2BFA0F4F6A2C7 /* Pods-Apex.debug.xcconfig */,
				50D42DC9C3240738CE516BCE /* Pods-Apex.release.xcconfig */,
				483EC0F9877457DAF5D580A0 /* Pods-ApexTests.debug.xcconfig */,
				108DBA36EC62777816585763 /* Pods-ApexTests.release.xcconfig */,
				A13BADC3907B14C47C26BA9A /* Pods-ApexUITests.debug.xcconfig */,
				D9FBE57311049D48D7CD8FFB /* Pods-ApexUITests.release.xcconfig */,
			);
			name = Pods;
			sourceTree = "<group>";
		};
/* End PBXGroup section */

/* Begin PBXNativeTarget section */
		4A1AED3F1CEEB82300C46661 /* Apex */ = {
			isa = PBXNativeTarget;
			buildConfigurationList = 4A1AED6A1CEEB82300C46661 /* Build configuration list for PBXNativeTarget "Apex" */;
			buildPhases = (
				29B29C3C6EEFE5C9583D1870 /* [CP] Check Pods Manifest.lock */,
				4A1AED3C1CEEB82300C46661 /* Sources */,
				4A1AED3D1CEEB82300C46661 /* Frameworks */,
				4A1AED3E1CEEB82300C46661 /* Resources */,
				82B2FFA2BC56173CF3C0101F /* [CP] Embed Pods Frameworks */,
				B341F5FAEB57F426FF64142F /* [CP] Copy Pods Resources */,
			);
			buildRules = (
			);
			dependencies = (
			);
			name = Apex;
			productName = Apex;
			productReference = 4A1AED401CEEB82300C46661 /* Apex.app */;
			productType = "com.apple.product-type.application";
		};
		4A1AED551CEEB82300C46661 /* ApexTests */ = {
			isa = PBXNativeTarget;
			buildConfigurationList = 4A1AED6D1CEEB82300C46661 /* Build configuration list for PBXNativeTarget "ApexTests" */;
			buildPhases = (
				4E01B9CD9FD45602D0AD8FB3 /* [CP] Check Pods Manifest.lock */,
				4A1AED521CEEB82300C46661 /* Sources */,
				4A1AED531CEEB82300C46661 /* Frameworks */,
				4A1AED541CEEB82300C46661 /* Resources */,
				8643029759BB32B771EF52C1 /* [CP] Embed Pods Frameworks */,
				80F81FDB72B00360EB67FB05 /* [CP] Copy Pods Resources */,
			);
			buildRules = (
			);
			dependencies = (
				4A1AED581CEEB82300C46661 /* PBXTargetDependency */,
			);
			name = ApexTests;
			productName = ApexTests;
			productReference = 4A1AED561CEEB82300C46661 /* ApexTests.xctest */;
			productType = "com.apple.product-type.bundle.unit-test";
		};
		4A1AED601CEEB82300C46661 /* ApexUITests */ = {
			isa = PBXNativeTarget;
			buildConfigurationList = 4A1AED701CEEB82300C46661 /* Build configuration list for PBXNativeTarget "ApexUITests" */;
			buildPhases = (
				403DD3C26CDDEEA82F8FE4F2 /* [CP] Check Pods Manifest.lock */,
				4A1AED5D1CEEB82300C46661 /* Sources */,
				4A1AED5E1CEEB82300C46661 /* Frameworks */,
				4A1AED5F1CEEB82300C46661 /* Resources */,
				B86570781F61C7DEC630300C /* [CP] Copy Pods Resources */,
			);
			buildRules = (
			);
			dependencies = (
				4A1AED631CEEB82300C46661 /* PBXTargetDependency */,
			);
			name = ApexUITests;
			productName = ApexUITests;
			productReference = 4A1AED611CEEB82300C46661 /* ApexUITests.xctest */;
			productType = "com.apple.product-type.bundle.ui-testing";
		};
/* End PBXNativeTarget section */

/* Begin PBXProject section */
		4A1AED381CEEB82300C46661 /* Project object */ = {
			isa = PBXProject;
			attributes = {
				LastSwiftUpdateCheck = 0720;
				LastUpgradeCheck = 0720;
				ORGANIZATIONNAME = "Dartmouth Programming Collaborative";
				TargetAttributes = {
					4A1AED3F1CEEB82300C46661 = {
						CreatedOnToolsVersion = 7.2.1;
						DevelopmentTeam = 6SHBXH7QDT;
					};
					4A1AED551CEEB82300C46661 = {
						CreatedOnToolsVersion = 7.2.1;
						TestTargetID = 4A1AED3F1CEEB82300C46661;
					};
					4A1AED601CEEB82300C46661 = {
						CreatedOnToolsVersion = 7.2.1;
						TestTargetID = 4A1AED3F1CEEB82300C46661;
					};
				};
			};
			buildConfigurationList = 4A1AED3B1CEEB82300C46661 /* Build configuration list for PBXProject "Apex" */;
			compatibilityVersion = "Xcode 3.2";
			developmentRegion = English;
			hasScannedForEncodings = 0;
			knownRegions = (
				en,
				Base,
			);
			mainGroup = 4A1AED371CEEB82300C46661;
			productRefGroup = 4A1AED411CEEB82300C46661 /* Products */;
			projectDirPath = "";
			projectRoot = "";
			targets = (
				4A1AED3F1CEEB82300C46661 /* Apex */,
				4A1AED551CEEB82300C46661 /* ApexTests */,
				4A1AED601CEEB82300C46661 /* ApexUITests */,
			);
		};
/* End PBXProject section */

/* Begin PBXResourcesBuildPhase section */
		4A1AED3E1CEEB82300C46661 /* Resources */ = {
			isa = PBXResourcesBuildPhase;
			buildActionMask = 2147483647;
			files = (
				4A712F7D1CEEF5C400840C0B /* globe.png in Resources */,
				4A5368A21D3AFB3B00843A55 /* blue-arrow.png in Resources */,
				4A1AED501CEEB82300C46661 /* LaunchScreen.storyboard in Resources */,
				4A1AED4D1CEEB82300C46661 /* Assets.xcassets in Resources */,
				4A1AED781CEEC41F00C46661 /* bg.png in Resources */,
				4A3755441CF23BE700E61AAB /* apexDartmouthLocationData.txt in Resources */,
				4A1AED4B1CEEB82300C46661 /* Main.storyboard in Resources */,
				4A0BD2E21D368CD600D2CC9F /* GoogleService-Info.plist in Resources */,
			);
			runOnlyForDeploymentPostprocessing = 0;
		};
		4A1AED541CEEB82300C46661 /* Resources */ = {
			isa = PBXResourcesBuildPhase;
			buildActionMask = 2147483647;
			files = (
			);
			runOnlyForDeploymentPostprocessing = 0;
		};
		4A1AED5F1CEEB82300C46661 /* Resources */ = {
			isa = PBXResourcesBuildPhase;
			buildActionMask = 2147483647;
			files = (
			);
			runOnlyForDeploymentPostprocessing = 0;
		};
/* End PBXResourcesBuildPhase section */

/* Begin PBXShellScriptBuildPhase section */
		29B29C3C6EEFE5C9583D1870 /* [CP] Check Pods Manifest.lock */ = {
			isa = PBXShellScriptBuildPhase;
			buildActionMask = 2147483647;
			files = (
			);
			inputPaths = (
			);
			name = "[CP] Check Pods Manifest.lock";
			outputPaths = (
			);
			runOnlyForDeploymentPostprocessing = 0;
			shellPath = /bin/sh;
			shellScript = "diff \"${PODS_ROOT}/../Podfile.lock\" \"${PODS_ROOT}/Manifest.lock\" > /dev/null\nif [[ $? != 0 ]] ; then\n    cat << EOM\nerror: The sandbox is not in sync with the Podfile.lock. Run 'pod install' or update your CocoaPods installation.\nEOM\n    exit 1\nfi\n";
			showEnvVarsInLog = 0;
		};
		403DD3C26CDDEEA82F8FE4F2 /* [CP] Check Pods Manifest.lock */ = {
			isa = PBXShellScriptBuildPhase;
			buildActionMask = 2147483647;
			files = (
			);
			inputPaths = (
			);
			name = "[CP] Check Pods Manifest.lock";
			outputPaths = (
			);
			runOnlyForDeploymentPostprocessing = 0;
			shellPath = /bin/sh;
			shellScript = "diff \"${PODS_ROOT}/../Podfile.lock\" \"${PODS_ROOT}/Manifest.lock\" > /dev/null\nif [[ $? != 0 ]] ; then\n    cat << EOM\nerror: The sandbox is not in sync with the Podfile.lock. Run 'pod install' or update your CocoaPods installation.\nEOM\n    exit 1\nfi\n";
			showEnvVarsInLog = 0;
		};
		4E01B9CD9FD45602D0AD8FB3 /* [CP] Check Pods Manifest.lock */ = {
			isa = PBXShellScriptBuildPhase;
			buildActionMask = 2147483647;
			files = (
			);
			inputPaths = (
			);
			name = "[CP] Check Pods Manifest.lock";
			outputPaths = (
			);
			runOnlyForDeploymentPostprocessing = 0;
			shellPath = /bin/sh;
			shellScript = "diff \"${PODS_ROOT}/../Podfile.lock\" \"${PODS_ROOT}/Manifest.lock\" > /dev/null\nif [[ $? != 0 ]] ; then\n    cat << EOM\nerror: The sandbox is not in sync with the Podfile.lock. Run 'pod install' or update your CocoaPods installation.\nEOM\n    exit 1\nfi\n";
			showEnvVarsInLog = 0;
		};
		80F81FDB72B00360EB67FB05 /* [CP] Copy Pods Resources */ = {
			isa = PBXShellScriptBuildPhase;
			buildActionMask = 2147483647;
			files = (
			);
			inputPaths = (
			);
			name = "[CP] Copy Pods Resources";
			outputPaths = (
			);
			runOnlyForDeploymentPostprocessing = 0;
			shellPath = /bin/sh;
			shellScript = "\"${SRCROOT}/Pods/Target Support Files/Pods-ApexTests/Pods-ApexTests-resources.sh\"\n";
			showEnvVarsInLog = 0;
		};
		82B2FFA2BC56173CF3C0101F /* [CP] Embed Pods Frameworks */ = {
			isa = PBXShellScriptBuildPhase;
			buildActionMask = 2147483647;
			files = (
			);
			inputPaths = (
			);
			name = "[CP] Embed Pods Frameworks";
			outputPaths = (
			);
			runOnlyForDeploymentPostprocessing = 0;
			shellPath = /bin/sh;
			shellScript = "\"${SRCROOT}/Pods/Target Support Files/Pods-Apex/Pods-Apex-frameworks.sh\"\n";
			showEnvVarsInLog = 0;
		};
		8643029759BB32B771EF52C1 /* [CP] Embed Pods Frameworks */ = {
			isa = PBXShellScriptBuildPhase;
			buildActionMask = 2147483647;
			files = (
			);
			inputPaths = (
			);
			name = "[CP] Embed Pods Frameworks";
			outputPaths = (
			);
			runOnlyForDeploymentPostprocessing = 0;
			shellPath = /bin/sh;
			shellScript = "\"${SRCROOT}/Pods/Target Support Files/Pods-ApexTests/Pods-ApexTests-frameworks.sh\"\n";
			showEnvVarsInLog = 0;
		};
		B341F5FAEB57F426FF64142F /* [CP] Copy Pods Resources */ = {
			isa = PBXShellScriptBuildPhase;
			buildActionMask = 2147483647;
			files = (
			);
			inputPaths = (
			);
			name = "[CP] Copy Pods Resources";
			outputPaths = (
			);
			runOnlyForDeploymentPostprocessing = 0;
			shellPath = /bin/sh;
			shellScript = "\"${SRCROOT}/Pods/Target Support Files/Pods-Apex/Pods-Apex-resources.sh\"\n";
			showEnvVarsInLog = 0;
		};
		B86570781F61C7DEC630300C /* [CP] Copy Pods Resources */ = {
			isa = PBXShellScriptBuildPhase;
			buildActionMask = 2147483647;
			files = (
			);
			inputPaths = (
			);
			name = "[CP] Copy Pods Resources";
			outputPaths = (
			);
			runOnlyForDeploymentPostprocessing = 0;
			shellPath = /bin/sh;
			shellScript = "\"${SRCROOT}/Pods/Target Support Files/Pods-ApexUITests/Pods-ApexUITests-resources.sh\"\n";
			showEnvVarsInLog = 0;
		};
/* End PBXShellScriptBuildPhase section */

/* Begin PBXSourcesBuildPhase section */
		4A1AED3C1CEEB82300C46661 /* Sources */ = {
			isa = PBXSourcesBuildPhase;
			buildActionMask = 2147483647;
			files = (
				4A2D7EBA1D3839090085F32B /* LoginViewController.swift in Sources */,
				4AB926511CF0ED9C0066623F /* LocationViewController.swift in Sources */,
				4A1AED481CEEB82300C46661 /* SecondViewController.swift in Sources */,
				4A712F7B1CEEDEBD00840C0B /* locationItem.swift in Sources */,
				4A1AED441CEEB82300C46661 /* AppDelegate.swift in Sources */,
				4A1AED461CEEB82300C46661 /* FirstViewController.swift in Sources */,
			);
			runOnlyForDeploymentPostprocessing = 0;
		};
		4A1AED521CEEB82300C46661 /* Sources */ = {
			isa = PBXSourcesBuildPhase;
			buildActionMask = 2147483647;
			files = (
				4A1AED5B1CEEB82300C46661 /* ApexTests.swift in Sources */,
			);
			runOnlyForDeploymentPostprocessing = 0;
		};
		4A1AED5D1CEEB82300C46661 /* Sources */ = {
			isa = PBXSourcesBuildPhase;
			buildActionMask = 2147483647;
			files = (
				4A1AED661CEEB82300C46661 /* ApexUITests.swift in Sources */,
			);
			runOnlyForDeploymentPostprocessing = 0;
		};
/* End PBXSourcesBuildPhase section */

/* Begin PBXTargetDependency section */
		4A1AED581CEEB82300C46661 /* PBXTargetDependency */ = {
			isa = PBXTargetDependency;
			target = 4A1AED3F1CEEB82300C46661 /* Apex */;
			targetProxy = 4A1AED571CEEB82300C46661 /* PBXContainerItemProxy */;
		};
		4A1AED631CEEB82300C46661 /* PBXTargetDependency */ = {
			isa = PBXTargetDependency;
			target = 4A1AED3F1CEEB82300C46661 /* Apex */;
			targetProxy = 4A1AED621CEEB82300C46661 /* PBXContainerItemProxy */;
		};
/* End PBXTargetDependency section */

/* Begin PBXVariantGroup section */
		4A1AED491CEEB82300C46661 /* Main.storyboard */ = {
			isa = PBXVariantGroup;
			children = (
				4A1AED4A1CEEB82300C46661 /* Base */,
			);
			name = Main.storyboard;
			sourceTree = "<group>";
		};
		4A1AED4E1CEEB82300C46661 /* LaunchScreen.storyboard */ = {
			isa = PBXVariantGroup;
			children = (
				4A1AED4F1CEEB82300C46661 /* Base */,
			);
			name = LaunchScreen.storyboard;
			sourceTree = "<group>";
		};
/* End PBXVariantGroup section */

/* Begin XCBuildConfiguration section */
		4A1AED681CEEB82300C46661 /* Debug */ = {
			isa = XCBuildConfiguration;
			buildSettings = {
				ALWAYS_SEARCH_USER_PATHS = NO;
				CLANG_CXX_LANGUAGE_STANDARD = "gnu++0x";
				CLANG_CXX_LIBRARY = "libc++";
				CLANG_ENABLE_MODULES = YES;
				CLANG_ENABLE_OBJC_ARC = YES;
				CLANG_WARN_BOOL_CONVERSION = YES;
				CLANG_WARN_CONSTANT_CONVERSION = YES;
				CLANG_WARN_DIRECT_OBJC_ISA_USAGE = YES_ERROR;
				CLANG_WARN_EMPTY_BODY = YES;
				CLANG_WARN_ENUM_CONVERSION = YES;
				CLANG_WARN_INT_CONVERSION = YES;
				CLANG_WARN_OBJC_ROOT_CLASS = YES_ERROR;
				CLANG_WARN_UNREACHABLE_CODE = YES;
				CLANG_WARN__DUPLICATE_METHOD_MATCH = YES;
				"CODE_SIGN_IDENTITY[sdk=iphoneos*]" = "iPhone Developer";
				COPY_PHASE_STRIP = NO;
				DEBUG_INFORMATION_FORMAT = dwarf;
				ENABLE_STRICT_OBJC_MSGSEND = YES;
				ENABLE_TESTABILITY = YES;
				GCC_C_LANGUAGE_STANDARD = gnu99;
				GCC_DYNAMIC_NO_PIC = NO;
				GCC_NO_COMMON_BLOCKS = YES;
				GCC_OPTIMIZATION_LEVEL = 0;
				GCC_PREPROCESSOR_DEFINITIONS = (
					"DEBUG=1",
					"$(inherited)",
				);
				GCC_WARN_64_TO_32_BIT_CONVERSION = YES;
				GCC_WARN_ABOUT_RETURN_TYPE = YES_ERROR;
				GCC_WARN_UNDECLARED_SELECTOR = YES;
				GCC_WARN_UNINITIALIZED_AUTOS = YES_AGGRESSIVE;
				GCC_WARN_UNUSED_FUNCTION = YES;
				GCC_WARN_UNUSED_VARIABLE = YES;
				IPHONEOS_DEPLOYMENT_TARGET = 9.2;
				MTL_ENABLE_DEBUG_INFO = YES;
				ONLY_ACTIVE_ARCH = YES;
				SDKROOT = iphoneos;
				SWIFT_OPTIMIZATION_LEVEL = "-Onone";
				TARGETED_DEVICE_FAMILY = "1,2";
			};
			name = Debug;
		};
		4A1AED691CEEB82300C46661 /* Release */ = {
			isa = XCBuildConfiguration;
			buildSettings = {
				ALWAYS_SEARCH_USER_PATHS = NO;
				CLANG_CXX_LANGUAGE_STANDARD = "gnu++0x";
				CLANG_CXX_LIBRARY = "libc++";
				CLANG_ENABLE_MODULES = YES;
				CLANG_ENABLE_OBJC_ARC = YES;
				CLANG_WARN_BOOL_CONVERSION = YES;
				CLANG_WARN_CONSTANT_CONVERSION = YES;
				CLANG_WARN_DIRECT_OBJC_ISA_USAGE = YES_ERROR;
				CLANG_WARN_EMPTY_BODY = YES;
				CLANG_WARN_ENUM_CONVERSION = YES;
				CLANG_WARN_INT_CONVERSION = YES;
				CLANG_WARN_OBJC_ROOT_CLASS = YES_ERROR;
				CLANG_WARN_UNREACHABLE_CODE = YES;
				CLANG_WARN__DUPLICATE_METHOD_MATCH = YES;
				"CODE_SIGN_IDENTITY[sdk=iphoneos*]" = "iPhone Developer";
				COPY_PHASE_STRIP = NO;
				DEBUG_INFORMATION_FORMAT = "dwarf-with-dsym";
				ENABLE_NS_ASSERTIONS = NO;
				ENABLE_STRICT_OBJC_MSGSEND = YES;
				GCC_C_LANGUAGE_STANDARD = gnu99;
				GCC_NO_COMMON_BLOCKS = YES;
				GCC_WARN_64_TO_32_BIT_CONVERSION = YES;
				GCC_WARN_ABOUT_RETURN_TYPE = YES_ERROR;
				GCC_WARN_UNDECLARED_SELECTOR = YES;
				GCC_WARN_UNINITIALIZED_AUTOS = YES_AGGRESSIVE;
				GCC_WARN_UNUSED_FUNCTION = YES;
				GCC_WARN_UNUSED_VARIABLE = YES;
				IPHONEOS_DEPLOYMENT_TARGET = 9.2;
				MTL_ENABLE_DEBUG_INFO = NO;
				SDKROOT = iphoneos;
				TARGETED_DEVICE_FAMILY = "1,2";
				VALIDATE_PRODUCT = YES;
			};
			name = Release;
		};
		4A1AED6B1CEEB82300C46661 /* Debug */ = {
			isa = XCBuildConfiguration;
			baseConfigurationReference = 9DC2DC48A8E2BFA0F4F6A2C7 /* Pods-Apex.debug.xcconfig */;
			buildSettings = {
				ASSETCATALOG_COMPILER_APPICON_NAME = AppIcon;
				CODE_SIGN_IDENTITY = "iPhone Developer";
				"CODE_SIGN_IDENTITY[sdk=iphoneos*]" = "iPhone Developer";
				INFOPLIST_FILE = Apex/Info.plist;
				IPHONEOS_DEPLOYMENT_TARGET = 8.4;
				LD_RUNPATH_SEARCH_PATHS = "$(inherited) @executable_path/Frameworks";
				PRODUCT_BUNDLE_IDENTIFIER = dartmouth.cs.dpc.Apex;
				PRODUCT_NAME = "$(TARGET_NAME)";
				PROVISIONING_PROFILE = "";
			};
			name = Debug;
		};
		4A1AED6C1CEEB82300C46661 /* Release */ = {
			isa = XCBuildConfiguration;
			baseConfigurationReference = 50D42DC9C3240738CE516BCE /* Pods-Apex.release.xcconfig */;
			buildSettings = {
				ASSETCATALOG_COMPILER_APPICON_NAME = AppIcon;
				CODE_SIGN_IDENTITY = "iPhone Developer";
				"CODE_SIGN_IDENTITY[sdk=iphoneos*]" = "iPhone Developer";
				INFOPLIST_FILE = Apex/Info.plist;
				IPHONEOS_DEPLOYMENT_TARGET = 8.4;
				LD_RUNPATH_SEARCH_PATHS = "$(inherited) @executable_path/Frameworks";
				PRODUCT_BUNDLE_IDENTIFIER = dartmouth.cs.dpc.Apex;
				PRODUCT_NAME = "$(TARGET_NAME)";
				PROVISIONING_PROFILE = "";
			};
			name = Release;
		};
		4A1AED6E1CEEB82300C46661 /* Debug */ = {
			isa = XCBuildConfiguration;
			baseConfigurationReference = 483EC0F9877457DAF5D580A0 /* Pods-ApexTests.debug.xcconfig */;
			buildSettings = {
				BUNDLE_LOADER = "$(TEST_HOST)";
				INFOPLIST_FILE = ApexTests/Info.plist;
				LD_RUNPATH_SEARCH_PATHS = "$(inherited) @executable_path/Frameworks @loader_path/Frameworks";
				PRODUCT_BUNDLE_IDENTIFIER = dartmouth.cs.dpc.ApexTests;
				PRODUCT_NAME = "$(TARGET_NAME)";
				TEST_HOST = "$(BUILT_PRODUCTS_DIR)/Apex.app/Apex";
			};
			name = Debug;
		};
		4A1AED6F1CEEB82300C46661 /* Release */ = {
			isa = XCBuildConfiguration;
			baseConfigurationReference = 108DBA36EC62777816585763 /* Pods-ApexTests.release.xcconfig */;
			buildSettings = {
				BUNDLE_LOADER = "$(TEST_HOST)";
				INFOPLIST_FILE = ApexTests/Info.plist;
				LD_RUNPATH_SEARCH_PATHS = "$(inherited) @executable_path/Frameworks @loader_path/Frameworks";
				PRODUCT_BUNDLE_IDENTIFIER = dartmouth.cs.dpc.ApexTests;
				PRODUCT_NAME = "$(TARGET_NAME)";
				TEST_HOST = "$(BUILT_PRODUCTS_DIR)/Apex.app/Apex";
			};
			name = Release;
		};
		4A1AED711CEEB82300C46661 /* Debug */ = {
			isa = XCBuildConfiguration;
			baseConfigurationReference = A13BADC3907B14C47C26BA9A /* Pods-ApexUITests.debug.xcconfig */;
			buildSettings = {
				INFOPLIST_FILE = ApexUITests/Info.plist;
				LD_RUNPATH_SEARCH_PATHS = "$(inherited) @executable_path/Frameworks @loader_path/Frameworks";
				PRODUCT_BUNDLE_IDENTIFIER = dartmouth.cs.dpc.ApexUITests;
				PRODUCT_NAME = "$(TARGET_NAME)";
				TEST_TARGET_NAME = Apex;
				USES_XCTRUNNER = YES;
			};
			name = Debug;
		};
		4A1AED721CEEB82300C46661 /* Release */ = {
			isa = XCBuildConfiguration;
			baseConfigurationReference = D9FBE57311049D48D7CD8FFB /* Pods-ApexUITests.release.xcconfig */;
			buildSettings = {
				INFOPLIST_FILE = ApexUITests/Info.plist;
				LD_RUNPATH_SEARCH_PATHS = "$(inherited) @executable_path/Frameworks @loader_path/Frameworks";
				PRODUCT_BUNDLE_IDENTIFIER = dartmouth.cs.dpc.ApexUITests;
				PRODUCT_NAME = "$(TARGET_NAME)";
				TEST_TARGET_NAME = Apex;
				USES_XCTRUNNER = YES;
			};
			name = Release;
		};
/* End XCBuildConfiguration section */

/* Begin XCConfigurationList section */
		4A1AED3B1CEEB82300C46661 /* Build configuration list for PBXProject "Apex" */ = {
			isa = XCConfigurationList;
			buildConfigurations = (
				4A1AED681CEEB82300C46661 /* Debug */,
				4A1AED691CEEB82300C46661 /* Release */,
			);
			defaultConfigurationIsVisible = 0;
			defaultConfigurationName = Release;
		};
		4A1AED6A1CEEB82300C46661 /* Build configuration list for PBXNativeTarget "Apex" */ = {
			isa = XCConfigurationList;
			buildConfigurations = (
				4A1AED6B1CEEB82300C46661 /* Debug */,
				4A1AED6C1CEEB82300C46661 /* Release */,
			);
			defaultConfigurationIsVisible = 0;
			defaultConfigurationName = Release;
		};
		4A1AED6D1CEEB82300C46661 /* Build configuration list for PBXNativeTarget "ApexTests" */ = {
			isa = XCConfigurationList;
			buildConfigurations = (
				4A1AED6E1CEEB82300C46661 /* Debug */,
				4A1AED6F1CEEB82300C46661 /* Release */,
			);
			defaultConfigurationIsVisible = 0;
			defaultConfigurationName = Release;
		};
		4A1AED701CEEB82300C46661 /* Build configuration list for PBXNativeTarget "ApexUITests" */ = {
			isa = XCConfigurationList;
			buildConfigurations = (
				4A1AED711CEEB82300C46661 /* Debug */,
				4A1AED721CEEB82300C46661 /* Release */,
			);
			defaultConfigurationIsVisible = 0;
			defaultConfigurationName = Release;
		};
/* End XCConfigurationList section */
	};
	rootObject = 4A1AED381CEEB82300C46661 /* Project object */;
}
